
Microsoft Visual Studio Solution File, Format Version 12.00
# Visual Studio Version 17
VisualStudioVersion = 17.7.34031.279
MinimumVisualStudioVersion = 10.0.40219.1
Project("{FAE04EC0-301F-11D3-BF4B-00C04F79EFBC}") = "Chapter8_DI_Container", "Chapter8_DI_Container.csproj", "{CCEAEEE0-1EDE-4F2D-91C1-917AC763E530}"
EndProject
Global
	GlobalSection(SolutionConfigurationPlatforms) = preSolution
		Debug|Any CPU = Debug|Any CPU
		Release|Any CPU = Release|Any CPU
	EndGlobalSection
	GlobalSection(ProjectConfigurationPlatforms) = postSolution
		{CCEAEEE0-1EDE-4F2D-91C1-917AC763E530}.Debug|Any CPU.ActiveCfg = Debug|Any CPU
		{CCEAEEE0-1EDE-4F2D-91C1-917AC763E530}.Debug|Any CPU.Build.0 = Debug|Any CPU
		{CCEAEEE0-1EDE-4F2D-91C1-917AC763E530}.Release|Any CPU.ActiveCfg = Release|Any CPU
		{CCEAEEE0-1EDE-4F2D-91C1-917AC763E530}.Release|Any CPU.Build.0 = Release|Any CPU
	EndGlobalSection
	GlobalSection(SolutionProperties) = preSolution
		HideSolutionNode = FALSE
	EndGlobalSection
	GlobalSection(ExtensibilityGlobals) = postSolution
		SolutionGuid = {DBCC6FA9-42AB-4529-B0DF-5E3DE4057DA7}
	EndGlobalSection
EndGlobal
