
Microsoft Visual Studio Solution File, Format Version 12.00
# Visual Studio Version 17
VisualStudioVersion = 17.7.34031.279
MinimumVisualStudioVersion = 10.0.40219.1
Project("{FAE04EC0-301F-11D3-BF4B-00C04F79EFBC}") = "Chapter16_razor_binding", "Chapter16_razor_binding.csproj", "{9C517D60-8309-42FB-9EF3-E38DE7E53645}"
EndProject
Global
	GlobalSection(SolutionConfigurationPlatforms) = preSolution
		Debug|Any CPU = Debug|Any CPU
		Release|Any CPU = Release|Any CPU
	EndGlobalSection
	GlobalSection(ProjectConfigurationPlatforms) = postSolution
		{9C517D60-8309-42FB-9EF3-E38DE7E53645}.Debug|Any CPU.ActiveCfg = Debug|Any CPU
		{9C517D60-8309-42FB-9EF3-E38DE7E53645}.Debug|Any CPU.Build.0 = Debug|Any CPU
		{9C517D60-8309-42FB-9EF3-E38DE7E53645}.Release|Any CPU.ActiveCfg = Release|Any CPU
		{9C517D60-8309-42FB-9EF3-E38DE7E53645}.Release|Any CPU.Build.0 = Release|Any CPU
	EndGlobalSection
	GlobalSection(SolutionProperties) = preSolution
		HideSolutionNode = FALSE
	EndGlobalSection
	GlobalSection(ExtensibilityGlobals) = postSolution
		SolutionGuid = {C3B7AA9C-24AF-4DA1-AF00-737E89E9D167}
	EndGlobalSection
EndGlobal
