
Microsoft Visual Studio Solution File, Format Version 12.00
# Visual Studio Version 17
VisualStudioVersion = 17.7.34031.279
MinimumVisualStudioVersion = 10.0.40219.1
Project("{FAE04EC0-301F-11D3-BF4B-00C04F79EFBC}") = "Chapter10.9_reloadable_options", "Chapter10.9_reloadable_options.csproj", "{A14C9770-F491-4C6C-840B-FFFA54830B3B}"
EndProject
Global
	GlobalSection(SolutionConfigurationPlatforms) = preSolution
		Debug|Any CPU = Debug|Any CPU
		Release|Any CPU = Release|Any CPU
	EndGlobalSection
	GlobalSection(ProjectConfigurationPlatforms) = postSolution
		{A14C9770-F491-4C6C-840B-FFFA54830B3B}.Debug|Any CPU.ActiveCfg = Debug|Any CPU
		{A14C9770-F491-4C6C-840B-FFFA54830B3B}.Debug|Any CPU.Build.0 = Debug|Any CPU
		{A14C9770-F491-4C6C-840B-FFFA54830B3B}.Release|Any CPU.ActiveCfg = Release|Any CPU
		{A14C9770-F491-4C6C-840B-FFFA54830B3B}.Release|Any CPU.Build.0 = Release|Any CPU
	EndGlobalSection
	GlobalSection(SolutionProperties) = preSolution
		HideSolutionNode = FALSE
	EndGlobalSection
	GlobalSection(ExtensibilityGlobals) = postSolution
		SolutionGuid = {3C6731CB-5C43-4D67-9ABF-BDD44C273D92}
	EndGlobalSection
EndGlobal
