
Microsoft Visual Studio Solution File, Format Version 12.00
# Visual Studio Version 17
VisualStudioVersion = 17.7.34031.279
MinimumVisualStudioVersion = 10.0.40219.1
Project("{FAE04EC0-301F-11D3-BF4B-00C04F79EFBC}") = "Chapter11.10", "Chapter11.10.csproj", "{BFCE8A1C-94D5-45D7-81BF-45CD1CE855C3}"
EndProject
Global
	GlobalSection(SolutionConfigurationPlatforms) = preSolution
		Debug|Any CPU = Debug|Any CPU
		Release|Any CPU = Release|Any CPU
	EndGlobalSection
	GlobalSection(ProjectConfigurationPlatforms) = postSolution
		{BFCE8A1C-94D5-45D7-81BF-45CD1CE855C3}.Debug|Any CPU.ActiveCfg = Debug|Any CPU
		{BFCE8A1C-94D5-45D7-81BF-45CD1CE855C3}.Debug|Any CPU.Build.0 = Debug|Any CPU
		{BFCE8A1C-94D5-45D7-81BF-45CD1CE855C3}.Release|Any CPU.ActiveCfg = Release|Any CPU
		{BFCE8A1C-94D5-45D7-81BF-45CD1CE855C3}.Release|Any CPU.Build.0 = Release|Any CPU
	EndGlobalSection
	GlobalSection(SolutionProperties) = preSolution
		HideSolutionNode = FALSE
	EndGlobalSection
	GlobalSection(ExtensibilityGlobals) = postSolution
		SolutionGuid = {AC739C56-4A18-4706-88DD-06DC4F1E35EA}
	EndGlobalSection
EndGlobal
