
Microsoft Visual Studio Solution File, Format Version 12.00
# Visual Studio Version 17
VisualStudioVersion = 17.7.34221.43
MinimumVisualStudioVersion = 10.0.40219.1
Project("{FAE04EC0-301F-11D3-BF4B-00C04F79EFBC}") = "Chapter17.2", "Chapter17.2.csproj", "{A79A3759-525C-498B-8730-3E4EC28CA86D}"
EndProject
Global
	GlobalSection(SolutionConfigurationPlatforms) = preSolution
		Debug|Any CPU = Debug|Any CPU
		Release|Any CPU = Release|Any CPU
	EndGlobalSection
	GlobalSection(ProjectConfigurationPlatforms) = postSolution
		{A79A3759-525C-498B-8730-3E4EC28CA86D}.Debug|Any CPU.ActiveCfg = Debug|Any CPU
		{A79A3759-525C-498B-8730-3E4EC28CA86D}.Debug|Any CPU.Build.0 = Debug|Any CPU
		{A79A3759-525C-498B-8730-3E4EC28CA86D}.Release|Any CPU.ActiveCfg = Release|Any CPU
		{A79A3759-525C-498B-8730-3E4EC28CA86D}.Release|Any CPU.Build.0 = Release|Any CPU
	EndGlobalSection
	GlobalSection(SolutionProperties) = preSolution
		HideSolutionNode = FALSE
	EndGlobalSection
	GlobalSection(ExtensibilityGlobals) = postSolution
		SolutionGuid = {7805C8B6-8D13-4E11-BA52-6BE93F47C7CC}
	EndGlobalSection
EndGlobal
