
Microsoft Visual Studio Solution File, Format Version 12.00
# Visual Studio Version 17
VisualStudioVersion = 17.7.34031.279
MinimumVisualStudioVersion = 10.0.40219.1
Project("{FAE04EC0-301F-11D3-BF4B-00C04F79EFBC}") = "Chapter9_object_instance", "Chapter9_object_instance.csproj", "{2AE8B666-2022-413D-9861-5FB4515AEE50}"
EndProject
Global
	GlobalSection(SolutionConfigurationPlatforms) = preSolution
		Debug|Any CPU = Debug|Any CPU
		Release|Any CPU = Release|Any CPU
	EndGlobalSection
	GlobalSection(ProjectConfigurationPlatforms) = postSolution
		{2AE8B666-2022-413D-9861-5FB4515AEE50}.Debug|Any CPU.ActiveCfg = Debug|Any CPU
		{2AE8B666-2022-413D-9861-5FB4515AEE50}.Debug|Any CPU.Build.0 = Debug|Any CPU
		{2AE8B666-2022-413D-9861-5FB4515AEE50}.Release|Any CPU.ActiveCfg = Release|Any CPU
		{2AE8B666-2022-413D-9861-5FB4515AEE50}.Release|Any CPU.Build.0 = Release|Any CPU
	EndGlobalSection
	GlobalSection(SolutionProperties) = preSolution
		HideSolutionNode = FALSE
	EndGlobalSection
	GlobalSection(ExtensibilityGlobals) = postSolution
		SolutionGuid = {90E32294-8C9D-4FFB-B5C2-42A0C078D3B1}
	EndGlobalSection
EndGlobal
