
Microsoft Visual Studio Solution File, Format Version 12.00
# Visual Studio Version 17
VisualStudioVersion = 17.7.34221.43
MinimumVisualStudioVersion = 10.0.40219.1
Project("{FAE04EC0-301F-11D3-BF4B-00C04F79EFBC}") = "Chqpter21.7", "Chqpter21.7.csproj", "{16943908-7EF1-4B68-A877-6AB50306324E}"
EndProject
Global
	GlobalSection(SolutionConfigurationPlatforms) = preSolution
		Debug|Any CPU = Debug|Any CPU
		Release|Any CPU = Release|Any CPU
	EndGlobalSection
	GlobalSection(ProjectConfigurationPlatforms) = postSolution
		{16943908-7EF1-4B68-A877-6AB50306324E}.Debug|Any CPU.ActiveCfg = Debug|Any CPU
		{16943908-7EF1-4B68-A877-6AB50306324E}.Debug|Any CPU.Build.0 = Debug|Any CPU
		{16943908-7EF1-4B68-A877-6AB50306324E}.Release|Any CPU.ActiveCfg = Release|Any CPU
		{16943908-7EF1-4B68-A877-6AB50306324E}.Release|Any CPU.Build.0 = Release|Any CPU
	EndGlobalSection
	GlobalSection(SolutionProperties) = preSolution
		HideSolutionNode = FALSE
	EndGlobalSection
	GlobalSection(ExtensibilityGlobals) = postSolution
		SolutionGuid = {B2AF2D84-3425-4945-B22B-6444AF04C113}
	EndGlobalSection
EndGlobal
