
Microsoft Visual Studio Solution File, Format Version 12.00
# Visual Studio Version 17
VisualStudioVersion = 17.7.34031.279
MinimumVisualStudioVersion = 10.0.40219.1
Project("{FAE04EC0-301F-11D3-BF4B-00C04F79EFBC}") = "Chapter10.6_seperating_settings", "Chapter10.6_seperating_settings.csproj", "{D395C789-40B4-4B6D-A534-4B6ABD20E6AA}"
EndProject
Global
	GlobalSection(SolutionConfigurationPlatforms) = preSolution
		Debug|Any CPU = Debug|Any CPU
		Release|Any CPU = Release|Any CPU
	EndGlobalSection
	GlobalSection(ProjectConfigurationPlatforms) = postSolution
		{D395C789-40B4-4B6D-A534-4B6ABD20E6AA}.Debug|Any CPU.ActiveCfg = Debug|Any CPU
		{D395C789-40B4-4B6D-A534-4B6ABD20E6AA}.Debug|Any CPU.Build.0 = Debug|Any CPU
		{D395C789-40B4-4B6D-A534-4B6ABD20E6AA}.Release|Any CPU.ActiveCfg = Release|Any CPU
		{D395C789-40B4-4B6D-A534-4B6ABD20E6AA}.Release|Any CPU.Build.0 = Release|Any CPU
	EndGlobalSection
	GlobalSection(SolutionProperties) = preSolution
		HideSolutionNode = FALSE
	EndGlobalSection
	GlobalSection(ExtensibilityGlobals) = postSolution
		SolutionGuid = {75BF74CD-511C-413F-B817-1AD7F518FC1C}
	EndGlobalSection
EndGlobal
