
Microsoft Visual Studio Solution File, Format Version 12.00
# Visual Studio Version 17
VisualStudioVersion = 17.7.34031.279
MinimumVisualStudioVersion = 10.0.40219.1
Project("{FAE04EC0-301F-11D3-BF4B-00C04F79EFBC}") = "Chapter12", "Chapter12.csproj", "{A9F8060D-2916-402D-8527-6AABCE96C0BB}"
EndProject
Global
	GlobalSection(SolutionConfigurationPlatforms) = preSolution
		Debug|Any CPU = Debug|Any CPU
		Release|Any CPU = Release|Any CPU
	EndGlobalSection
	GlobalSection(ProjectConfigurationPlatforms) = postSolution
		{A9F8060D-2916-402D-8527-6AABCE96C0BB}.Debug|Any CPU.ActiveCfg = Debug|Any CPU
		{A9F8060D-2916-402D-8527-6AABCE96C0BB}.Debug|Any CPU.Build.0 = Debug|Any CPU
		{A9F8060D-2916-402D-8527-6AABCE96C0BB}.Release|Any CPU.ActiveCfg = Release|Any CPU
		{A9F8060D-2916-402D-8527-6AABCE96C0BB}.Release|Any CPU.Build.0 = Release|Any CPU
	EndGlobalSection
	GlobalSection(SolutionProperties) = preSolution
		HideSolutionNode = FALSE
	EndGlobalSection
	GlobalSection(ExtensibilityGlobals) = postSolution
		SolutionGuid = {5B348538-8F09-4B8F-9178-AD60399C56EB}
	EndGlobalSection
EndGlobal
