
Microsoft Visual Studio Solution File, Format Version 12.00
# Visual Studio Version 17
VisualStudioVersion = 17.7.34031.279
MinimumVisualStudioVersion = 10.0.40219.1
Project("{FAE04EC0-301F-11D3-BF4B-00C04F79EFBC}") = "Chapter8_razor", "Chapter8_razor.csproj", "{8AA3B14D-76B6-4F39-96DD-2520252265AD}"
EndProject
Global
	GlobalSection(SolutionConfigurationPlatforms) = preSolution
		Debug|Any CPU = Debug|Any CPU
		Release|Any CPU = Release|Any CPU
	EndGlobalSection
	GlobalSection(ProjectConfigurationPlatforms) = postSolution
		{8AA3B14D-76B6-4F39-96DD-2520252265AD}.Debug|Any CPU.ActiveCfg = Debug|Any CPU
		{8AA3B14D-76B6-4F39-96DD-2520252265AD}.Debug|Any CPU.Build.0 = Debug|Any CPU
		{8AA3B14D-76B6-4F39-96DD-2520252265AD}.Release|Any CPU.ActiveCfg = Release|Any CPU
		{8AA3B14D-76B6-4F39-96DD-2520252265AD}.Release|Any CPU.Build.0 = Release|Any CPU
	EndGlobalSection
	GlobalSection(SolutionProperties) = preSolution
		HideSolutionNode = FALSE
	EndGlobalSection
	GlobalSection(ExtensibilityGlobals) = postSolution
		SolutionGuid = {A61F8AF0-7BE5-4491-ACC1-8CC145052092}
	EndGlobalSection
EndGlobal
