
Microsoft Visual Studio Solution File, Format Version 12.00
# Visual Studio Version 17
VisualStudioVersion = 17.7.34031.279
MinimumVisualStudioVersion = 10.0.40219.1
Project("{FAE04EC0-301F-11D3-BF4B-00C04F79EFBC}") = "Chapter10.12_strongly_typed_settings_for_direct_injection", "Chapter10.12_strongly_typed_settings_for_direct_injection.csproj", "{11425819-DBA9-4E91-BFC3-2DD51AF43F1E}"
EndProject
Global
	GlobalSection(SolutionConfigurationPlatforms) = preSolution
		Debug|Any CPU = Debug|Any CPU
		Release|Any CPU = Release|Any CPU
	EndGlobalSection
	GlobalSection(ProjectConfigurationPlatforms) = postSolution
		{11425819-DBA9-4E91-BFC3-2DD51AF43F1E}.Debug|Any CPU.ActiveCfg = Debug|Any CPU
		{11425819-DBA9-4E91-BFC3-2DD51AF43F1E}.Debug|Any CPU.Build.0 = Debug|Any CPU
		{11425819-DBA9-4E91-BFC3-2DD51AF43F1E}.Release|Any CPU.ActiveCfg = Release|Any CPU
		{11425819-DBA9-4E91-BFC3-2DD51AF43F1E}.Release|Any CPU.Build.0 = Release|Any CPU
	EndGlobalSection
	GlobalSection(SolutionProperties) = preSolution
		HideSolutionNode = FALSE
	EndGlobalSection
	GlobalSection(ExtensibilityGlobals) = postSolution
		SolutionGuid = {6E8137D2-3ACA-42BC-BC2D-7A466F06A227}
	EndGlobalSection
EndGlobal
