
Microsoft Visual Studio Solution File, Format Version 12.00
# Visual Studio Version 17
VisualStudioVersion = 17.7.34221.43
MinimumVisualStudioVersion = 10.0.40219.1
Project("{FAE04EC0-301F-11D3-BF4B-00C04F79EFBC}") = "Chapter20.10", "Chapter20.10.csproj", "{F9F389AB-4CFD-45A1-ABF6-E170A37F88D1}"
EndProject
Global
	GlobalSection(SolutionConfigurationPlatforms) = preSolution
		Debug|Any CPU = Debug|Any CPU
		Release|Any CPU = Release|Any CPU
	EndGlobalSection
	GlobalSection(ProjectConfigurationPlatforms) = postSolution
		{F9F389AB-4CFD-45A1-ABF6-E170A37F88D1}.Debug|Any CPU.ActiveCfg = Debug|Any CPU
		{F9F389AB-4CFD-45A1-ABF6-E170A37F88D1}.Debug|Any CPU.Build.0 = Debug|Any CPU
		{F9F389AB-4CFD-45A1-ABF6-E170A37F88D1}.Release|Any CPU.ActiveCfg = Release|Any CPU
		{F9F389AB-4CFD-45A1-ABF6-E170A37F88D1}.Release|Any CPU.Build.0 = Release|Any CPU
	EndGlobalSection
	GlobalSection(SolutionProperties) = preSolution
		HideSolutionNode = FALSE
	EndGlobalSection
	GlobalSection(ExtensibilityGlobals) = postSolution
		SolutionGuid = {B2B606DC-335F-48EE-B432-1AC3D0B23D65}
	EndGlobalSection
EndGlobal
