
Microsoft Visual Studio Solution File, Format Version 12.00
# Visual Studio Version 17
VisualStudioVersion = 17.7.34031.279
MinimumVisualStudioVersion = 10.0.40219.1
Project("{FAE04EC0-301F-11D3-BF4B-00C04F79EFBC}") = "Chapter10.4_multiple_providers_configuration", "Chapter10.4_multiple_providers_configuration.csproj", "{46A8268C-CD28-40C5-B27D-E1CBD2EC0E88}"
EndProject
Global
	GlobalSection(SolutionConfigurationPlatforms) = preSolution
		Debug|Any CPU = Debug|Any CPU
		Release|Any CPU = Release|Any CPU
	EndGlobalSection
	GlobalSection(ProjectConfigurationPlatforms) = postSolution
		{46A8268C-CD28-40C5-B27D-E1CBD2EC0E88}.Debug|Any CPU.ActiveCfg = Debug|Any CPU
		{46A8268C-CD28-40C5-B27D-E1CBD2EC0E88}.Debug|Any CPU.Build.0 = Debug|Any CPU
		{46A8268C-CD28-40C5-B27D-E1CBD2EC0E88}.Release|Any CPU.ActiveCfg = Release|Any CPU
		{46A8268C-CD28-40C5-B27D-E1CBD2EC0E88}.Release|Any CPU.Build.0 = Release|Any CPU
	EndGlobalSection
	GlobalSection(SolutionProperties) = preSolution
		HideSolutionNode = FALSE
	EndGlobalSection
	GlobalSection(ExtensibilityGlobals) = postSolution
		SolutionGuid = {64FB49D0-69EA-4392-A2C3-655BBDE75AB4}
	EndGlobalSection
EndGlobal
