
Microsoft Visual Studio Solution File, Format Version 12.00
# Visual Studio Version 17
VisualStudioVersion = 17.7.34221.43
MinimumVisualStudioVersion = 10.0.40219.1
Project("{FAE04EC0-301F-11D3-BF4B-00C04F79EFBC}") = "Chapter21.1", "Chapter21.1.csproj", "{28ED4C3C-DB5D-4A10-AADB-8E3491018B15}"
EndProject
Global
	GlobalSection(SolutionConfigurationPlatforms) = preSolution
		Debug|Any CPU = Debug|Any CPU
		Release|Any CPU = Release|Any CPU
	EndGlobalSection
	GlobalSection(ProjectConfigurationPlatforms) = postSolution
		{28ED4C3C-DB5D-4A10-AADB-8E3491018B15}.Debug|Any CPU.ActiveCfg = Debug|Any CPU
		{28ED4C3C-DB5D-4A10-AADB-8E3491018B15}.Debug|Any CPU.Build.0 = Debug|Any CPU
		{28ED4C3C-DB5D-4A10-AADB-8E3491018B15}.Release|Any CPU.ActiveCfg = Release|Any CPU
		{28ED4C3C-DB5D-4A10-AADB-8E3491018B15}.Release|Any CPU.Build.0 = Release|Any CPU
	EndGlobalSection
	GlobalSection(SolutionProperties) = preSolution
		HideSolutionNode = FALSE
	EndGlobalSection
	GlobalSection(ExtensibilityGlobals) = postSolution
		SolutionGuid = {D5CD3280-8D3A-4537-B4EB-8A9776248258}
	EndGlobalSection
EndGlobal
