
Microsoft Visual Studio Solution File, Format Version 12.00
# Visual Studio Version 17
VisualStudioVersion = 17.7.34221.43
MinimumVisualStudioVersion = 10.0.40219.1
Project("{FAE04EC0-301F-11D3-BF4B-00C04F79EFBC}") = "Chapter16.8", "Chapter16.8.csproj", "{40CDC576-5EBD-4878-9150-3E60A5D07C0C}"
EndProject
Global
	GlobalSection(SolutionConfigurationPlatforms) = preSolution
		Debug|Any CPU = Debug|Any CPU
		Release|Any CPU = Release|Any CPU
	EndGlobalSection
	GlobalSection(ProjectConfigurationPlatforms) = postSolution
		{40CDC576-5EBD-4878-9150-3E60A5D07C0C}.Debug|Any CPU.ActiveCfg = Debug|Any CPU
		{40CDC576-5EBD-4878-9150-3E60A5D07C0C}.Debug|Any CPU.Build.0 = Debug|Any CPU
		{40CDC576-5EBD-4878-9150-3E60A5D07C0C}.Release|Any CPU.ActiveCfg = Release|Any CPU
		{40CDC576-5EBD-4878-9150-3E60A5D07C0C}.Release|Any CPU.Build.0 = Release|Any CPU
	EndGlobalSection
	GlobalSection(SolutionProperties) = preSolution
		HideSolutionNode = FALSE
	EndGlobalSection
	GlobalSection(ExtensibilityGlobals) = postSolution
		SolutionGuid = {5C21C80E-D383-463B-869E-2DDFDF2D0A1F}
	EndGlobalSection
EndGlobal
