
Microsoft Visual Studio Solution File, Format Version 12.00
# Visual Studio Version 17
VisualStudioVersion = 17.7.34031.279
MinimumVisualStudioVersion = 10.0.40219.1
Project("{FAE04EC0-301F-11D3-BF4B-00C04F79EFBC}") = "Chapter11.11", "Chapter11.11.csproj", "{0919C0C9-06FC-4E36-B8C5-3AA543F43564}"
EndProject
Global
	GlobalSection(SolutionConfigurationPlatforms) = preSolution
		Debug|Any CPU = Debug|Any CPU
		Release|Any CPU = Release|Any CPU
	EndGlobalSection
	GlobalSection(ProjectConfigurationPlatforms) = postSolution
		{0919C0C9-06FC-4E36-B8C5-3AA543F43564}.Debug|Any CPU.ActiveCfg = Debug|Any CPU
		{0919C0C9-06FC-4E36-B8C5-3AA543F43564}.Debug|Any CPU.Build.0 = Debug|Any CPU
		{0919C0C9-06FC-4E36-B8C5-3AA543F43564}.Release|Any CPU.ActiveCfg = Release|Any CPU
		{0919C0C9-06FC-4E36-B8C5-3AA543F43564}.Release|Any CPU.Build.0 = Release|Any CPU
	EndGlobalSection
	GlobalSection(SolutionProperties) = preSolution
		HideSolutionNode = FALSE
	EndGlobalSection
	GlobalSection(ExtensibilityGlobals) = postSolution
		SolutionGuid = {2C12A5A1-F4F6-4EA4-A1CE-255F5DF50C6A}
	EndGlobalSection
EndGlobal
