
Microsoft Visual Studio Solution File, Format Version 12.00
# Visual Studio Version 17
VisualStudioVersion = 17.7.34221.43
MinimumVisualStudioVersion = 10.0.40219.1
Project("{FAE04EC0-301F-11D3-BF4B-00C04F79EFBC}") = "Chapter21.3", "Chapter21.3.csproj", "{8DF22FB3-0631-406A-9B46-2F6AD35B38F8}"
EndProject
Global
	GlobalSection(SolutionConfigurationPlatforms) = preSolution
		Debug|Any CPU = Debug|Any CPU
		Release|Any CPU = Release|Any CPU
	EndGlobalSection
	GlobalSection(ProjectConfigurationPlatforms) = postSolution
		{8DF22FB3-0631-406A-9B46-2F6AD35B38F8}.Debug|Any CPU.ActiveCfg = Debug|Any CPU
		{8DF22FB3-0631-406A-9B46-2F6AD35B38F8}.Debug|Any CPU.Build.0 = Debug|Any CPU
		{8DF22FB3-0631-406A-9B46-2F6AD35B38F8}.Release|Any CPU.ActiveCfg = Release|Any CPU
		{8DF22FB3-0631-406A-9B46-2F6AD35B38F8}.Release|Any CPU.Build.0 = Release|Any CPU
	EndGlobalSection
	GlobalSection(SolutionProperties) = preSolution
		HideSolutionNode = FALSE
	EndGlobalSection
	GlobalSection(ExtensibilityGlobals) = postSolution
		SolutionGuid = {8238D535-A6D1-4BA9-B8A4-6640FE62B0D4}
	EndGlobalSection
EndGlobal
